// !$*UTF8*$!
{
	archiveVersion = 1;
	classes = {
	};
	objectVersion = 50;
	objects = {

/* Begin PBXBuildFile section */
		048CECA822680A3900BCDBAB /* AppDelegate.swift in Sources */ = {isa = PBXBuildFile; fileRef = 048CECA722680A3900BCDBAB /* AppDelegate.swift */; };
		048CECAA22680A3900BCDBAB /* StartupsController.swift in Sources */ = {isa = PBXBuildFile; fileRef = 048CECA922680A3900BCDBAB /* StartupsController.swift */; };
		048CECAD22680A3900BCDBAB /* Main.storyboard in Resources */ = {isa = PBXBuildFile; fileRef = 048CECAB22680A3900BCDBAB /* Main.storyboard */; };
		048CECAF22680A3D00BCDBAB /* Assets.xcassets in Resources */ = {isa = PBXBuildFile; fileRef = 048CECAE22680A3D00BCDBAB /* Assets.xcassets */; };
		048CECB222680A3D00BCDBAB /* LaunchScreen.storyboard in Resources */ = {isa = PBXBuildFile; fileRef = 048CECB022680A3D00BCDBAB /* LaunchScreen.storyboard */; };
		048CECBA2268178B00BCDBAB /* UIColor+theme.swift in Sources */ = {isa = PBXBuildFile; fileRef = 048CECB92268178B00BCDBAB /* UIColor+theme.swift */; };
		048CECBE22681F3F00BCDBAB /* CreateStartupController.swift in Sources */ = {isa = PBXBuildFile; fileRef = 048CECBD22681F3F00BCDBAB /* CreateStartupController.swift */; };
		04B3646522691374004675E5 /* StartupCreatorModel.xcdatamodeld in Sources */ = {isa = PBXBuildFile; fileRef = 04B3646322691374004675E5 /* StartupCreatorModel.xcdatamodeld */; };
		04B3646722691B61004675E5 /* CoreDataManager.swift in Sources */ = {isa = PBXBuildFile; fileRef = 04B3646622691B61004675E5 /* CoreDataManager.swift */; };
/* End PBXBuildFile section */

/* Begin PBXFileReference section */
		048CECA422680A3900BCDBAB /* Startup Creator.app */ = {isa = PBXFileReference; explicitFileType = wrapper.application; includeInIndex = 0; path = "Startup Creator.app"; sourceTree = BUILT_PRODUCTS_DIR; };
		048CECA722680A3900BCDBAB /* AppDelegate.swift */ = {isa = PBXFileReference; lastKnownFileType = sourcecode.swift; path = AppDelegate.swift; sourceTree = "<group>"; };
		048CECA922680A3900BCDBAB /* StartupsController.swift */ = {isa = PBXFileReference; lastKnownFileType = sourcecode.swift; path = StartupsController.swift; sourceTree = "<group>"; };
		048CECAC22680A3900BCDBAB /* Base */ = {isa = PBXFileReference; lastKnownFileType = file.storyboard; name = Base; path = Base.lproj/Main.storyboard; sourceTree = "<group>"; };
		048CECAE22680A3D00BCDBAB /* Assets.xcassets */ = {isa = PBXFileReference; lastKnownFileType = folder.assetcatalog; path = Assets.xcassets; sourceTree = "<group>"; };
		048CECB122680A3D00BCDBAB /* Base */ = {isa = PBXFileReference; lastKnownFileType = file.storyboard; name = Base; path = Base.lproj/LaunchScreen.storyboard; sourceTree = "<group>"; };
		048CECB322680A3D00BCDBAB /* Info.plist */ = {isa = PBXFileReference; lastKnownFileType = text.plist.xml; path = Info.plist; sourceTree = "<group>"; };
		048CECB92268178B00BCDBAB /* UIColor+theme.swift */ = {isa = PBXFileReference; lastKnownFileType = sourcecode.swift; path = "UIColor+theme.swift"; sourceTree = "<group>"; };
		048CECBD22681F3F00BCDBAB /* CreateStartupController.swift */ = {isa = PBXFileReference; lastKnownFileType = sourcecode.swift; path = CreateStartupController.swift; sourceTree = "<group>"; };
		04B3646422691374004675E5 /* StartupCreatorModel.xcdatamodel */ = {isa = PBXFileReference; lastKnownFileType = wrapper.xcdatamodel; path = StartupCreatorModel.xcdatamodel; sourceTree = "<group>"; };
		04B3646622691B61004675E5 /* CoreDataManager.swift */ = {isa = PBXFileReference; lastKnownFileType = sourcecode.swift; path = CoreDataManager.swift; sourceTree = "<group>"; };
/* End PBXFileReference section */

/* Begin PBXFrameworksBuildPhase section */
		048CECA122680A3900BCDBAB /* Frameworks */ = {
			isa = PBXFrameworksBuildPhase;
			buildActionMask = 2147483647;
			files = (
			);
			runOnlyForDeploymentPostprocessing = 0;
		};
/* End PBXFrameworksBuildPhase section */

/* Begin PBXGroup section */
		048CEC9B22680A3900BCDBAB = {
			isa = PBXGroup;
			children = (
				048CECA622680A3900BCDBAB /* Startup Creator */,
				048CECA522680A3900BCDBAB /* Products */,
			);
			sourceTree = "<group>";
		};
		048CECA522680A3900BCDBAB /* Products */ = {
			isa = PBXGroup;
			children = (
				048CECA422680A3900BCDBAB /* Startup Creator.app */,
			);
			name = Products;
			sourceTree = "<group>";
		};
		048CECA622680A3900BCDBAB /* Startup Creator */ = {
			isa = PBXGroup;
			children = (
				048CECA722680A3900BCDBAB /* AppDelegate.swift */,
				048CECA922680A3900BCDBAB /* StartupsController.swift */,
				048CECBD22681F3F00BCDBAB /* CreateStartupController.swift */,
				048CECAB22680A3900BCDBAB /* Main.storyboard */,
				048CECAE22680A3D00BCDBAB /* Assets.xcassets */,
				048CECB022680A3D00BCDBAB /* LaunchScreen.storyboard */,
				048CECB322680A3D00BCDBAB /* Info.plist */,
				048CECB92268178B00BCDBAB /* UIColor+theme.swift */,
				04B3646322691374004675E5 /* StartupCreatorModel.xcdatamodeld */,
				04B3646622691B61004675E5 /* CoreDataManager.swift */,
			);
			path = "Startup Creator";
			sourceTree = "<group>";
		};
/* End PBXGroup section */

/* Begin PBXNativeTarget section */
		048CECA322680A3900BCDBAB /* Startup Creator */ = {
			isa = PBXNativeTarget;
			buildConfigurationList = 048CECB622680A3D00BCDBAB /* Build configuration list for PBXNativeTarget "Startup Creator" */;
			buildPhases = (
				048CECA022680A3900BCDBAB /* Sources */,
				048CECA122680A3900BCDBAB /* Frameworks */,
				048CECA222680A3900BCDBAB /* Resources */,
			);
			buildRules = (
			);
			dependencies = (
			);
			name = "Startup Creator";
			productName = "Startup Creator";
			productReference = 048CECA422680A3900BCDBAB /* Startup Creator.app */;
			productType = "com.apple.product-type.application";
		};
/* End PBXNativeTarget section */

/* Begin PBXProject section */
		048CEC9C22680A3900BCDBAB /* Project object */ = {
			isa = PBXProject;
			attributes = {
				LastSwiftUpdateCheck = 1020;
				LastUpgradeCheck = 1020;
				ORGANIZATIONNAME = "Diego Oruna";
				TargetAttributes = {
					048CECA322680A3900BCDBAB = {
						CreatedOnToolsVersion = 10.2;
					};
				};
			};
			buildConfigurationList = 048CEC9F22680A3900BCDBAB /* Build configuration list for PBXProject "Startup Creator" */;
			compatibilityVersion = "Xcode 9.3";
			developmentRegion = en;
			hasScannedForEncodings = 0;
			knownRegions = (
				en,
				Base,
			);
			mainGroup = 048CEC9B22680A3900BCDBAB;
			productRefGroup = 048CECA522680A3900BCDBAB /* Products */;
			projectDirPath = "";
			projectRoot = "";
			targets = (
				048CECA322680A3900BCDBAB /* Startup Creator */,
			);
		};
/* End PBXProject section */

/* Begin PBXResourcesBuildPhase section */
		048CECA222680A3900BCDBAB /* Resources */ = {
			isa = PBXResourcesBuildPhase;
			buildActionMask = 2147483647;
			files = (
				048CECB222680A3D00BCDBAB /* LaunchScreen.storyboard in Resources */,
				048CECAF22680A3D00BCDBAB /* Assets.xcassets in Resources */,
				048CECAD22680A3900BCDBAB /* Main.storyboard in Resources */,
			);
			runOnlyForDeploymentPostprocessing = 0;
		};
/* End PBXResourcesBuildPhase section */

/* Begin PBXSourcesBuildPhase section */
		048CECA022680A3900BCDBAB /* Sources */ = {
			isa = PBXSourcesBuildPhase;
			buildActionMask = 2147483647;
			files = (
				04B3646722691B61004675E5 /* CoreDataManager.swift in Sources */,
				048CECBA2268178B00BCDBAB /* UIColor+theme.swift in Sources */,
				048CECBE22681F3F00BCDBAB /* CreateStartupController.swift in Sources */,
				048CECAA22680A3900BCDBAB /* StartupsController.swift in Sources */,
				048CECA822680A3900BCDBAB /* AppDelegate.swift in Sources */,
				04B3646522691374004675E5 /* StartupCreatorModel.xcdatamodeld in Sources */,
			);
			runOnlyForDeploymentPostprocessing = 0;
		};
/* End PBXSourcesBuildPhase section */

/* Begin PBXVariantGroup section */
		048CECAB22680A3900BCDBAB /* Main.storyboard */ = {
			isa = PBXVariantGroup;
			children = (
				048CECAC22680A3900BCDBAB /* Base */,
			);
			name = Main.storyboard;
			sourceTree = "<group>";
		};
		048CECB022680A3D00BCDBAB /* LaunchScreen.storyboard */ = {
			isa = PBXVariantGroup;
			children = (
				048CECB122680A3D00BCDBAB /* Base */,
			);
			name = LaunchScreen.storyboard;
			sourceTree = "<group>";
		};
/* End PBXVariantGroup section */

/* Begin XCBuildConfiguration section */
		048CECB422680A3D00BCDBAB /* Debug */ = {
			isa = XCBuildConfiguration;
			buildSettings = {
				ALWAYS_SEARCH_USER_PATHS = NO;
				CLANG_ANALYZER_NONNULL = YES;
				CLANG_ANALYZER_NUMBER_OBJECT_CONVERSION = YES_AGGRESSIVE;
				CLANG_CXX_LANGUAGE_STANDARD = "gnu++14";
				CLANG_CXX_LIBRARY = "libc++";
				CLANG_ENABLE_MODULES = YES;
				CLANG_ENABLE_OBJC_ARC = YES;
				CLANG_ENABLE_OBJC_WEAK = YES;
				CLANG_WARN_BLOCK_CAPTURE_AUTORELEASING = YES;
				CLANG_WARN_BOOL_CONVERSION = YES;
				CLANG_WARN_COMMA = YES;
				CLANG_WARN_CONSTANT_CONVERSION = YES;
				CLANG_WARN_DEPRECATED_OBJC_IMPLEMENTATIONS = YES;
				CLANG_WARN_DIRECT_OBJC_ISA_USAGE = YES_ERROR;
				CLANG_WARN_DOCUMENTATION_COMMENTS = YES;
				CLANG_WARN_EMPTY_BODY = YES;
				CLANG_WARN_ENUM_CONVERSION = YES;
				CLANG_WARN_INFINITE_RECURSION = YES;
				CLANG_WARN_INT_CONVERSION = YES;
				CLANG_WARN_NON_LITERAL_NULL_CONVERSION = YES;
				CLANG_WARN_OBJC_IMPLICIT_RETAIN_SELF = YES;
				CLANG_WARN_OBJC_LITERAL_CONVERSION = YES;
				CLANG_WARN_OBJC_ROOT_CLASS = YES_ERROR;
				CLANG_WARN_RANGE_LOOP_ANALYSIS = YES;
				CLANG_WARN_STRICT_PROTOTYPES = YES;
				CLANG_WARN_SUSPICIOUS_MOVE = YES;
				CLANG_WARN_UNGUARDED_AVAILABILITY = YES_AGGRESSIVE;
				CLANG_WARN_UNREACHABLE_CODE = YES;
				CLANG_WARN__DUPLICATE_METHOD_MATCH = YES;
				CODE_SIGN_IDENTITY = "iPhone Developer";
				COPY_PHASE_STRIP = NO;
				DEBUG_INFORMATION_FORMAT = dwarf;
				ENABLE_STRICT_OBJC_MSGSEND = YES;
				ENABLE_TESTABILITY = YES;
				GCC_C_LANGUAGE_STANDARD = gnu11;
				GCC_DYNAMIC_NO_PIC = NO;
				GCC_NO_COMMON_BLOCKS = YES;
				GCC_OPTIMIZATION_LEVEL = 0;
				GCC_PREPROCESSOR_DEFINITIONS = (
					"DEBUG=1",
					"$(inherited)",
				);
				GCC_WARN_64_TO_32_BIT_CONVERSION = YES;
				GCC_WARN_ABOUT_RETURN_TYPE = YES_ERROR;
				GCC_WARN_UNDECLARED_SELECTOR = YES;
				GCC_WARN_UNINITIALIZED_AUTOS = YES_AGGRESSIVE;
				GCC_WARN_UNUSED_FUNCTION = YES;
				GCC_WARN_UNUSED_VARIABLE = YES;
				IPHONEOS_DEPLOYMENT_TARGET = 12.2;
				MTL_ENABLE_DEBUG_INFO = INCLUDE_SOURCE;
				MTL_FAST_MATH = YES;
				ONLY_ACTIVE_ARCH = YES;
				SDKROOT = iphoneos;
				SWIFT_ACTIVE_COMPILATION_CONDITIONS = DEBUG;
				SWIFT_OPTIMIZATION_LEVEL = "-Onone";
			};
			name = Debug;
		};
		048CECB522680A3D00BCDBAB /* Release */ = {
			isa = XCBuildConfiguration;
			buildSettings = {
				ALWAYS_SEARCH_USER_PATHS = NO;
				CLANG_ANALYZER_NONNULL = YES;
				CLANG_ANALYZER_NUMBER_OBJECT_CONVERSION = YES_AGGRESSIVE;
				CLANG_CXX_LANGUAGE_STANDARD = "gnu++14";
				CLANG_CXX_LIBRARY = "libc++";
				CLANG_ENABLE_MODULES = YES;
				CLANG_ENABLE_OBJC_ARC = YES;
				CLANG_ENABLE_OBJC_WEAK = YES;
				CLANG_WARN_BLOCK_CAPTURE_AUTORELEASING = YES;
				CLANG_WARN_BOOL_CONVERSION = YES;
				CLANG_WARN_COMMA = YES;
				CLANG_WARN_CONSTANT_CONVERSION = YES;
				CLANG_WARN_DEPRECATED_OBJC_IMPLEMENTATIONS = YES;
				CLANG_WARN_DIRECT_OBJC_ISA_USAGE = YES_ERROR;
				CLANG_WARN_DOCUMENTATION_COMMENTS = YES;
				CLANG_WARN_EMPTY_BODY = YES;
				CLANG_WARN_ENUM_CONVERSION = YES;
				CLANG_WARN_INFINITE_RECURSION = YES;
				CLANG_WARN_INT_CONVERSION = YES;
				CLANG_WARN_NON_LITERAL_NULL_CONVERSION = YES;
				CLANG_WARN_OBJC_IMPLICIT_RETAIN_SELF = YES;
				CLANG_WARN_OBJC_LITERAL_CONVERSION = YES;
				CLANG_WARN_OBJC_ROOT_CLASS = YES_ERROR;
				CLANG_WARN_RANGE_LOOP_ANALYSIS = YES;
				CLANG_WARN_STRICT_PROTOTYPES = YES;
				CLANG_WARN_SUSPICIOUS_MOVE = YES;
				CLANG_WARN_UNGUARDED_AVAILABILITY = YES_AGGRESSIVE;
				CLANG_WARN_UNREACHABLE_CODE = YES;
				CLANG_WARN__DUPLICATE_METHOD_MATCH = YES;
				CODE_SIGN_IDENTITY = "iPhone Developer";
				COPY_PHASE_STRIP = NO;
				DEBUG_INFORMATION_FORMAT = "dwarf-with-dsym";
				ENABLE_NS_ASSERTIONS = NO;
				ENABLE_STRICT_OBJC_MSGSEND = YES;
				GCC_C_LANGUAGE_STANDARD = gnu11;
				GCC_NO_COMMON_BLOCKS = YES;
				GCC_WARN_64_TO_32_BIT_CONVERSION = YES;
				GCC_WARN_ABOUT_RETURN_TYPE = YES_ERROR;
				GCC_WARN_UNDECLARED_SELECTOR = YES;
				GCC_WARN_UNINITIALIZED_AUTOS = YES_AGGRESSIVE;
				GCC_WARN_UNUSED_FUNCTION = YES;
				GCC_WARN_UNUSED_VARIABLE = YES;
				IPHONEOS_DEPLOYMENT_TARGET = 12.2;
				MTL_ENABLE_DEBUG_INFO = NO;
				MTL_FAST_MATH = YES;
				SDKROOT = iphoneos;
				SWIFT_COMPILATION_MODE = wholemodule;
				SWIFT_OPTIMIZATION_LEVEL = "-O";
				VALIDATE_PRODUCT = YES;
			};
			name = Release;
		};
		048CECB722680A3D00BCDBAB /* Debug */ = {
			isa = XCBuildConfiguration;
			buildSettings = {
				ASSETCATALOG_COMPILER_APPICON_NAME = AppIcon;
				CODE_SIGN_STYLE = Automatic;
				DEVELOPMENT_TEAM = 87N6RVDF29;
				INFOPLIST_FILE = "Startup Creator/Info.plist";
				LD_RUNPATH_SEARCH_PATHS = (
					"$(inherited)",
					"@executable_path/Frameworks",
				);
				PRODUCT_BUNDLE_IDENTIFIER = "com.diegooruna.Startup-Creator";
				PRODUCT_NAME = "$(TARGET_NAME)";
				SWIFT_VERSION = 5.0;
				TARGETED_DEVICE_FAMILY = "1,2";
			};
			name = Debug;
		};
		048CECB822680A3D00BCDBAB /* Release */ = {
			isa = XCBuildConfiguration;
			buildSettings = {
				ASSETCATALOG_COMPILER_APPICON_NAME = AppIcon;
				CODE_SIGN_STYLE = Automatic;
				DEVELOPMENT_TEAM = 87N6RVDF29;
				INFOPLIST_FILE = "Startup Creator/Info.plist";
				LD_RUNPATH_SEARCH_PATHS = (
					"$(inherited)",
					"@executable_path/Frameworks",
				);
				PRODUCT_BUNDLE_IDENTIFIER = "com.diegooruna.Startup-Creator";
				PRODUCT_NAME = "$(TARGET_NAME)";
				SWIFT_VERSION = 5.0;
				TARGETED_DEVICE_FAMILY = "1,2";
			};
			name = Release;
		};
/* End XCBuildConfiguration section */

/* Begin XCConfigurationList section */
		048CEC9F22680A3900BCDBAB /* Build configuration list for PBXProject "Startup Creator" */ = {
			isa = XCConfigurationList;
			buildConfigurations = (
				048CECB422680A3D00BCDBAB /* Debug */,
				048CECB522680A3D00BCDBAB /* Release */,
			);
			defaultConfigurationIsVisible = 0;
			defaultConfigurationName = Release;
		};
		048CECB622680A3D00BCDBAB /* Build configuration list for PBXNativeTarget "Startup Creator" */ = {
			isa = XCConfigurationList;
			buildConfigurations = (
				048CECB722680A3D00BCDBAB /* Debug */,
				048CECB822680A3D00BCDBAB /* Release */,
			);
			defaultConfigurationIsVisible = 0;
			defaultConfigurationName = Release;
		};
/* End XCConfigurationList section */

/* Begin XCVersionGroup section */
		04B3646322691374004675E5 /* StartupCreatorModel.xcdatamodeld */ = {
			isa = XCVersionGroup;
			children = (
				04B3646422691374004675E5 /* StartupCreatorModel.xcdatamodel */,
			);
			currentVersion = 04B3646422691374004675E5 /* StartupCreatorModel.xcdatamodel */;
			path = StartupCreatorModel.xcdatamodeld;
			sourceTree = "<group>";
			versionGroupType = wrapper.xcdatamodel;
		};
/* End XCVersionGroup section */
	};
	rootObject = 048CEC9C22680A3900BCDBAB /* Project object */;
}
